
Microsoft Visual Studio Solution File, Format Version 12.00
# Visual Studio Version 17
VisualStudioVersion = 17.7.34003.232
MinimumVisualStudioVersion = 10.0.40219.1
Project("{FAE04EC0-301F-11D3-BF4B-00C04F79EFBC}") = "Constuctors_Fulton_Christopher", "Constuctors_Fulton_Christopher\Constuctors_Fulton_Christopher.csproj", "{AEBEC917-DEC5-49BF-9579-8CB4FD6091FB}"
EndProject
Global
	GlobalSection(SolutionConfigurationPlatforms) = preSolution
		Debug|Any CPU = Debug|Any CPU
		Release|Any CPU = Release|Any CPU
	EndGlobalSection
	GlobalSection(ProjectConfigurationPlatforms) = postSolution
		{AEBEC917-DEC5-49BF-9579-8CB4FD6091FB}.Debug|Any CPU.ActiveCfg = Debug|Any CPU
		{AEBEC917-DEC5-49BF-9579-8CB4FD6091FB}.Debug|Any CPU.Build.0 = Debug|Any CPU
		{AEBEC917-DEC5-49BF-9579-8CB4FD6091FB}.Release|Any CPU.ActiveCfg = Release|Any CPU
		{AEBEC917-DEC5-49BF-9579-8CB4FD6091FB}.Release|Any CPU.Build.0 = Release|Any CPU
	EndGlobalSection
	GlobalSection(SolutionProperties) = preSolution
		HideSolutionNode = FALSE
	EndGlobalSection
	GlobalSection(ExtensibilityGlobals) = postSolution
		SolutionGuid = {8106DF97-C5CA-4947-85EB-8FCA14912A68}
	EndGlobalSection
EndGlobal
